
Microsoft Visual Studio Solution File, Format Version 12.00
# Visual Studio 15
VisualStudioVersion = 15.0.26430.16
MinimumVisualStudioVersion = 10.0.40219.1
Project("{FAE04EC0-301F-11D3-BF4B-00C04F79EFBC}") = "FitDiary.Contracts", "FitDiary.Contracts\FitDiary.Contracts.csproj", "{EF7C78A6-16B6-49C2-B9FE-0BFCC81DB2BE}"
EndProject
Project("{FAE04EC0-301F-11D3-BF4B-00C04F79EFBC}") = "FitDiary.SecuredApi", "FitDiary.SecuredApi\FitDiary.SecuredApi.csproj", "{C5A31B46-3B14-4E88-97EB-3DDE3BEC3E22}"
EndProject
Global
	GlobalSection(SolutionConfigurationPlatforms) = preSolution
		Debug|Any CPU = Debug|Any CPU
		Release|Any CPU = Release|Any CPU
	EndGlobalSection
	GlobalSection(ProjectConfigurationPlatforms) = postSolution
		{EF7C78A6-16B6-49C2-B9FE-0BFCC81DB2BE}.Debug|Any CPU.ActiveCfg = Debug|Any CPU
		{EF7C78A6-16B6-49C2-B9FE-0BFCC81DB2BE}.Debug|Any CPU.Build.0 = Debug|Any CPU
		{EF7C78A6-16B6-49C2-B9FE-0BFCC81DB2BE}.Release|Any CPU.ActiveCfg = Release|Any CPU
		{EF7C78A6-16B6-49C2-B9FE-0BFCC81DB2BE}.Release|Any CPU.Build.0 = Release|Any CPU
		{C5A31B46-3B14-4E88-97EB-3DDE3BEC3E22}.Debug|Any CPU.ActiveCfg = Debug|Any CPU
		{C5A31B46-3B14-4E88-97EB-3DDE3BEC3E22}.Debug|Any CPU.Build.0 = Debug|Any CPU
		{C5A31B46-3B14-4E88-97EB-3DDE3BEC3E22}.Release|Any CPU.ActiveCfg = Release|Any CPU
		{C5A31B46-3B14-4E88-97EB-3DDE3BEC3E22}.Release|Any CPU.Build.0 = Release|Any CPU
	EndGlobalSection
	GlobalSection(SolutionProperties) = preSolution
		HideSolutionNode = FALSE
	EndGlobalSection
EndGlobal
